
Microsoft Visual Studio Solution File, Format Version 12.00
# Visual Studio Version 17
VisualStudioVersion = 17.3.32929.385
MinimumVisualStudioVersion = 10.0.40219.1
Project("{2150E333-8FDC-42A3-9474-1A3956D46DE8}") = "PublicApi", "PublicApi", "{626D7CFC-6212-462C-84EE-D2C94BD6E5D7}"
EndProject
Project("{FAE04EC0-301F-11D3-BF4B-00C04F79EFBC}") = "CUSTOM.BankSample.Api", "PublicApi\CUSTOM.BankSample.Api\CUSTOM.BankSample.Api.csproj", "{24BD85B6-AEF4-4077-9DAA-BC78F3EF12A1}"
EndProject
Project("{2150E333-8FDC-42A3-9474-1A3956D46DE8}") = "DomainServices", "DomainServices", "{592B45DF-4934-4E87-BB95-5B076DDFE347}"
EndProject
Project("{FAE04EC0-301F-11D3-BF4B-00C04F79EFBC}") = "CUSTOM.Services.SalesProcess", "DomainServices\CUSTOM.Services.SalesProcess\CUSTOM.Services.SalesProcess.csproj", "{038A13C1-709F-459A-9E01-334676DD01E3}"
EndProject
Project("{FAE04EC0-301F-11D3-BF4B-00C04F79EFBC}") = "CUSTOM.CommonHelpers", "DomainServices\CUSTOM.CommonHelpers\CUSTOM.CommonHelpers.csproj", "{F2E9C632-31AC-4847-9173-A561C53B6A2B}"
EndProject
Project("{FAE04EC0-301F-11D3-BF4B-00C04F79EFBC}") = "CUSTOM.SharedDTOs", "DomainServices\CUSTOM.SharedDTOs\CUSTOM.SharedDTOs.csproj", "{AB596917-8F06-46B9-9431-332544079C40}"
EndProject
Project("{2150E333-8FDC-42A3-9474-1A3956D46DE8}") = "InternalApi", "InternalApi", "{98967BC1-0D76-458D-96C5-058D85D50C5B}"
EndProject
Project("{FAE04EC0-301F-11D3-BF4B-00C04F79EFBC}") = "CUSTOM.Database.Api", "InternalApi\CUSTOM.Database.Api\CUSTOM.Database.Api.csproj", "{DB2C9806-26EA-4D4C-B32F-37F560A6AAB1}"
EndProject
Project("{FAE04EC0-301F-11D3-BF4B-00C04F79EFBC}") = "CUSTOM.DbRepository", "DomainServices\CUSTOM.DbRepository\CUSTOM.DbRepository.csproj", "{C04D8529-463D-412E-9063-FA2FF84DD35D}"
EndProject
Project("{FAE04EC0-301F-11D3-BF4B-00C04F79EFBC}") = "CUSTOM.Models", "DomainServices\CUSTOM.Models\CUSTOM.Models.csproj", "{97FA3686-ACDB-40F7-8A8A-510BE2102DF6}"
EndProject
Global
	GlobalSection(SolutionConfigurationPlatforms) = preSolution
		Debug|Any CPU = Debug|Any CPU
		Release|Any CPU = Release|Any CPU
	EndGlobalSection
	GlobalSection(ProjectConfigurationPlatforms) = postSolution
		{24BD85B6-AEF4-4077-9DAA-BC78F3EF12A1}.Debug|Any CPU.ActiveCfg = Debug|Any CPU
		{24BD85B6-AEF4-4077-9DAA-BC78F3EF12A1}.Debug|Any CPU.Build.0 = Debug|Any CPU
		{24BD85B6-AEF4-4077-9DAA-BC78F3EF12A1}.Release|Any CPU.ActiveCfg = Release|Any CPU
		{24BD85B6-AEF4-4077-9DAA-BC78F3EF12A1}.Release|Any CPU.Build.0 = Release|Any CPU
		{038A13C1-709F-459A-9E01-334676DD01E3}.Debug|Any CPU.ActiveCfg = Debug|Any CPU
		{038A13C1-709F-459A-9E01-334676DD01E3}.Debug|Any CPU.Build.0 = Debug|Any CPU
		{038A13C1-709F-459A-9E01-334676DD01E3}.Release|Any CPU.ActiveCfg = Release|Any CPU
		{038A13C1-709F-459A-9E01-334676DD01E3}.Release|Any CPU.Build.0 = Release|Any CPU
		{F2E9C632-31AC-4847-9173-A561C53B6A2B}.Debug|Any CPU.ActiveCfg = Debug|Any CPU
		{F2E9C632-31AC-4847-9173-A561C53B6A2B}.Debug|Any CPU.Build.0 = Debug|Any CPU
		{F2E9C632-31AC-4847-9173-A561C53B6A2B}.Release|Any CPU.ActiveCfg = Release|Any CPU
		{F2E9C632-31AC-4847-9173-A561C53B6A2B}.Release|Any CPU.Build.0 = Release|Any CPU
		{AB596917-8F06-46B9-9431-332544079C40}.Debug|Any CPU.ActiveCfg = Debug|Any CPU
		{AB596917-8F06-46B9-9431-332544079C40}.Debug|Any CPU.Build.0 = Debug|Any CPU
		{AB596917-8F06-46B9-9431-332544079C40}.Release|Any CPU.ActiveCfg = Release|Any CPU
		{AB596917-8F06-46B9-9431-332544079C40}.Release|Any CPU.Build.0 = Release|Any CPU
		{DB2C9806-26EA-4D4C-B32F-37F560A6AAB1}.Debug|Any CPU.ActiveCfg = Debug|Any CPU
		{DB2C9806-26EA-4D4C-B32F-37F560A6AAB1}.Debug|Any CPU.Build.0 = Debug|Any CPU
		{DB2C9806-26EA-4D4C-B32F-37F560A6AAB1}.Release|Any CPU.ActiveCfg = Release|Any CPU
		{DB2C9806-26EA-4D4C-B32F-37F560A6AAB1}.Release|Any CPU.Build.0 = Release|Any CPU
		{C04D8529-463D-412E-9063-FA2FF84DD35D}.Debug|Any CPU.ActiveCfg = Debug|Any CPU
		{C04D8529-463D-412E-9063-FA2FF84DD35D}.Debug|Any CPU.Build.0 = Debug|Any CPU
		{C04D8529-463D-412E-9063-FA2FF84DD35D}.Release|Any CPU.ActiveCfg = Release|Any CPU
		{C04D8529-463D-412E-9063-FA2FF84DD35D}.Release|Any CPU.Build.0 = Release|Any CPU
		{97FA3686-ACDB-40F7-8A8A-510BE2102DF6}.Debug|Any CPU.ActiveCfg = Debug|Any CPU
		{97FA3686-ACDB-40F7-8A8A-510BE2102DF6}.Debug|Any CPU.Build.0 = Debug|Any CPU
		{97FA3686-ACDB-40F7-8A8A-510BE2102DF6}.Release|Any CPU.ActiveCfg = Release|Any CPU
		{97FA3686-ACDB-40F7-8A8A-510BE2102DF6}.Release|Any CPU.Build.0 = Release|Any CPU
	EndGlobalSection
	GlobalSection(SolutionProperties) = preSolution
		HideSolutionNode = FALSE
	EndGlobalSection
	GlobalSection(NestedProjects) = preSolution
		{24BD85B6-AEF4-4077-9DAA-BC78F3EF12A1} = {626D7CFC-6212-462C-84EE-D2C94BD6E5D7}
		{038A13C1-709F-459A-9E01-334676DD01E3} = {592B45DF-4934-4E87-BB95-5B076DDFE347}
		{F2E9C632-31AC-4847-9173-A561C53B6A2B} = {592B45DF-4934-4E87-BB95-5B076DDFE347}
		{AB596917-8F06-46B9-9431-332544079C40} = {592B45DF-4934-4E87-BB95-5B076DDFE347}
		{DB2C9806-26EA-4D4C-B32F-37F560A6AAB1} = {98967BC1-0D76-458D-96C5-058D85D50C5B}
		{C04D8529-463D-412E-9063-FA2FF84DD35D} = {592B45DF-4934-4E87-BB95-5B076DDFE347}
		{97FA3686-ACDB-40F7-8A8A-510BE2102DF6} = {592B45DF-4934-4E87-BB95-5B076DDFE347}
	EndGlobalSection
	GlobalSection(ExtensibilityGlobals) = postSolution
		SolutionGuid = {1F9BB197-A054-4968-A533-B76CE11AFAA9}
	EndGlobalSection
EndGlobal
